
Microsoft Visual Studio Solution File, Format Version 12.00
# Visual Studio 15
Project("{FAE04EC0-301F-11D3-BF4B-00C04F79EFBC}") = "PhotonUnityNetworking.Utilities", "PhotonUnityNetworking.Utilities.csproj", "{FDE99B68-3EAA-5875-9062-19496F7305D3}"
EndProject
Project("{FAE04EC0-301F-11D3-BF4B-00C04F79EFBC}") = "Assembly-CSharp", "Assembly-CSharp.csproj", "{70EB45AB-EBFF-3E0E-CA2F-62B0502BCD28}"
EndProject
Project("{FAE04EC0-301F-11D3-BF4B-00C04F79EFBC}") = "PhotonUnityNetworking", "PhotonUnityNetworking.csproj", "{2CFD6252-8385-97CC-52A8-7005C2F3C469}"
EndProject
Project("{FAE04EC0-301F-11D3-BF4B-00C04F79EFBC}") = "PhotonRealtime", "PhotonRealtime.csproj", "{3A17DCE8-16ED-96C7-0E71-69956A7BEAFE}"
EndProject
Project("{FAE04EC0-301F-11D3-BF4B-00C04F79EFBC}") = "PhotonUnityNetworking.Editor", "PhotonUnityNetworking.Editor.csproj", "{C8AA6A96-D79A-2094-B829-790B93A329FA}"
EndProject
Project("{FAE04EC0-301F-11D3-BF4B-00C04F79EFBC}") = "PhotonUnityNetworking.Utilities.PhotonPlayer.Editor", "PhotonUnityNetworking.Utilities.PhotonPlayer.Editor.csproj", "{5DF05B51-4E7D-69A8-BDD6-84DA4C94DCB3}"
EndProject
Project("{FAE04EC0-301F-11D3-BF4B-00C04F79EFBC}") = "PhotonUnityNetworking.Utilities.Culling.Editor", "PhotonUnityNetworking.Utilities.Culling.Editor.csproj", "{889E5502-CDC7-EA88-22ED-E3EC4E98B313}"
EndProject
Global
	GlobalSection(SolutionConfigurationPlatforms) = preSolution
		Debug|Any CPU = Debug|Any CPU
		Release|Any CPU = Release|Any CPU
	EndGlobalSection
	GlobalSection(ProjectConfigurationPlatforms) = postSolution
		{FDE99B68-3EAA-5875-9062-19496F7305D3}.Debug|Any CPU.ActiveCfg = Debug|Any CPU
		{FDE99B68-3EAA-5875-9062-19496F7305D3}.Debug|Any CPU.Build.0 = Debug|Any CPU
		{FDE99B68-3EAA-5875-9062-19496F7305D3}.Release|Any CPU.ActiveCfg = Release|Any CPU
		{FDE99B68-3EAA-5875-9062-19496F7305D3}.Release|Any CPU.Build.0 = Release|Any CPU
		{70EB45AB-EBFF-3E0E-CA2F-62B0502BCD28}.Debug|Any CPU.ActiveCfg = Debug|Any CPU
		{70EB45AB-EBFF-3E0E-CA2F-62B0502BCD28}.Debug|Any CPU.Build.0 = Debug|Any CPU
		{70EB45AB-EBFF-3E0E-CA2F-62B0502BCD28}.Release|Any CPU.ActiveCfg = Release|Any CPU
		{70EB45AB-EBFF-3E0E-CA2F-62B0502BCD28}.Release|Any CPU.Build.0 = Release|Any CPU
		{2CFD6252-8385-97CC-52A8-7005C2F3C469}.Debug|Any CPU.ActiveCfg = Debug|Any CPU
		{2CFD6252-8385-97CC-52A8-7005C2F3C469}.Debug|Any CPU.Build.0 = Debug|Any CPU
		{2CFD6252-8385-97CC-52A8-7005C2F3C469}.Release|Any CPU.ActiveCfg = Release|Any CPU
		{2CFD6252-8385-97CC-52A8-7005C2F3C469}.Release|Any CPU.Build.0 = Release|Any CPU
		{3A17DCE8-16ED-96C7-0E71-69956A7BEAFE}.Debug|Any CPU.ActiveCfg = Debug|Any CPU
		{3A17DCE8-16ED-96C7-0E71-69956A7BEAFE}.Debug|Any CPU.Build.0 = Debug|Any CPU
		{3A17DCE8-16ED-96C7-0E71-69956A7BEAFE}.Release|Any CPU.ActiveCfg = Release|Any CPU
		{3A17DCE8-16ED-96C7-0E71-69956A7BEAFE}.Release|Any CPU.Build.0 = Release|Any CPU
		{C8AA6A96-D79A-2094-B829-790B93A329FA}.Debug|Any CPU.ActiveCfg = Debug|Any CPU
		{C8AA6A96-D79A-2094-B829-790B93A329FA}.Debug|Any CPU.Build.0 = Debug|Any CPU
		{C8AA6A96-D79A-2094-B829-790B93A329FA}.Release|Any CPU.ActiveCfg = Release|Any CPU
		{C8AA6A96-D79A-2094-B829-790B93A329FA}.Release|Any CPU.Build.0 = Release|Any CPU
		{5DF05B51-4E7D-69A8-BDD6-84DA4C94DCB3}.Debug|Any CPU.ActiveCfg = Debug|Any CPU
		{5DF05B51-4E7D-69A8-BDD6-84DA4C94DCB3}.Debug|Any CPU.Build.0 = Debug|Any CPU
		{5DF05B51-4E7D-69A8-BDD6-84DA4C94DCB3}.Release|Any CPU.ActiveCfg = Release|Any CPU
		{5DF05B51-4E7D-69A8-BDD6-84DA4C94DCB3}.Release|Any CPU.Build.0 = Release|Any CPU
		{889E5502-CDC7-EA88-22ED-E3EC4E98B313}.Debug|Any CPU.ActiveCfg = Debug|Any CPU
		{889E5502-CDC7-EA88-22ED-E3EC4E98B313}.Debug|Any CPU.Build.0 = Debug|Any CPU
		{889E5502-CDC7-EA88-22ED-E3EC4E98B313}.Release|Any CPU.ActiveCfg = Release|Any CPU
		{889E5502-CDC7-EA88-22ED-E3EC4E98B313}.Release|Any CPU.Build.0 = Release|Any CPU
	EndGlobalSection
	GlobalSection(SolutionProperties) = preSolution
		HideSolutionNode = FALSE
	EndGlobalSection
EndGlobal
